
Microsoft Visual Studio Solution File, Format Version 12.00
# Visual Studio Version 17
VisualStudioVersion = 17.7.34024.191
MinimumVisualStudioVersion = 10.0.40219.1
Project("{8BC9CEB8-8B4A-11D0-8D11-00A0C91BC942}") = "2-6", "2-6.vcxproj", "{AA840438-A587-427C-8694-8384BA4F83A8}"
EndProject
Global
	GlobalSection(SolutionConfigurationPlatforms) = preSolution
		Debug|x64 = Debug|x64
		Debug|x86 = Debug|x86
		Release|x64 = Release|x64
		Release|x86 = Release|x86
	EndGlobalSection
	GlobalSection(ProjectConfigurationPlatforms) = postSolution
		{AA840438-A587-427C-8694-8384BA4F83A8}.Debug|x64.ActiveCfg = Debug|x64
		{AA840438-A587-427C-8694-8384BA4F83A8}.Debug|x64.Build.0 = Debug|x64
		{AA840438-A587-427C-8694-8384BA4F83A8}.Debug|x86.ActiveCfg = Debug|Win32
		{AA840438-A587-427C-8694-8384BA4F83A8}.Debug|x86.Build.0 = Debug|Win32
		{AA840438-A587-427C-8694-8384BA4F83A8}.Release|x64.ActiveCfg = Release|x64
		{AA840438-A587-427C-8694-8384BA4F83A8}.Release|x64.Build.0 = Release|x64
		{AA840438-A587-427C-8694-8384BA4F83A8}.Release|x86.ActiveCfg = Release|Win32
		{AA840438-A587-427C-8694-8384BA4F83A8}.Release|x86.Build.0 = Release|Win32
	EndGlobalSection
	GlobalSection(SolutionProperties) = preSolution
		HideSolutionNode = FALSE
	EndGlobalSection
	GlobalSection(ExtensibilityGlobals) = postSolution
		SolutionGuid = {DE65C39D-A408-433E-9BA2-275928630B7C}
	EndGlobalSection
EndGlobal
